
Microsoft Visual Studio Solution File, Format Version 12.00
# Visual Studio Version 17
VisualStudioVersion = 17.8.34330.188
MinimumVisualStudioVersion = 10.0.40219.1
Project("{FAE04EC0-301F-11D3-BF4B-00C04F79EFBC}") = "KontoUcznia.Android", "KontoUcznia\KontoUcznia.Android\KontoUcznia.Android.csproj", "{1E576015-E910-4B4C-9831-4464A7E39BF1}"
EndProject
Project("{FAE04EC0-301F-11D3-BF4B-00C04F79EFBC}") = "KontoUcznia", "KontoUcznia\KontoUcznia\KontoUcznia.csproj", "{94B4F8FB-764C-4C88-9529-E2451A7BC66C}"
EndProject
Global
	GlobalSection(SolutionConfigurationPlatforms) = preSolution
		Debug|Any CPU = Debug|Any CPU
		Release|Any CPU = Release|Any CPU
	EndGlobalSection
	GlobalSection(ProjectConfigurationPlatforms) = postSolution
		{1E576015-E910-4B4C-9831-4464A7E39BF1}.Debug|Any CPU.ActiveCfg = Debug|Any CPU
		{1E576015-E910-4B4C-9831-4464A7E39BF1}.Debug|Any CPU.Build.0 = Debug|Any CPU
		{1E576015-E910-4B4C-9831-4464A7E39BF1}.Debug|Any CPU.Deploy.0 = Debug|Any CPU
		{1E576015-E910-4B4C-9831-4464A7E39BF1}.Release|Any CPU.ActiveCfg = Release|Any CPU
		{1E576015-E910-4B4C-9831-4464A7E39BF1}.Release|Any CPU.Build.0 = Release|Any CPU
		{1E576015-E910-4B4C-9831-4464A7E39BF1}.Release|Any CPU.Deploy.0 = Release|Any CPU
		{94B4F8FB-764C-4C88-9529-E2451A7BC66C}.Debug|Any CPU.ActiveCfg = Debug|Any CPU
		{94B4F8FB-764C-4C88-9529-E2451A7BC66C}.Debug|Any CPU.Build.0 = Debug|Any CPU
		{94B4F8FB-764C-4C88-9529-E2451A7BC66C}.Debug|Any CPU.Deploy.0 = Debug|Any CPU
		{94B4F8FB-764C-4C88-9529-E2451A7BC66C}.Release|Any CPU.ActiveCfg = Release|Any CPU
		{94B4F8FB-764C-4C88-9529-E2451A7BC66C}.Release|Any CPU.Build.0 = Release|Any CPU
		{94B4F8FB-764C-4C88-9529-E2451A7BC66C}.Release|Any CPU.Deploy.0 = Release|Any CPU
	EndGlobalSection
	GlobalSection(SolutionProperties) = preSolution
		HideSolutionNode = FALSE
	EndGlobalSection
	GlobalSection(ExtensibilityGlobals) = postSolution
		SolutionGuid = {8F574CDB-42BB-4E3F-B764-21B1458FF995}
	EndGlobalSection
EndGlobal
